// !$*UTF8*$!
{
	archiveVersion = 1;
	classes = {
	};
	objectVersion = 56;
	objects = {

/* Begin PBXBuildFile section */
		4357CA6C2BE7707D00BFC83B /* Big_SuckApp.swift in Sources */ = {isa = PBXBuildFile; fileRef = 4357CA6B2BE7707D00BFC83B /* Big_SuckApp.swift */; };
		4357CA6E2BE7707D00BFC83B /* ContentView.swift in Sources */ = {isa = PBXBuildFile; fileRef = 4357CA6D2BE7707D00BFC83B /* ContentView.swift */; };
		4357CA702BE7707F00BFC83B /* Assets.xcassets in Resources */ = {isa = PBXBuildFile; fileRef = 4357CA6F2BE7707F00BFC83B /* Assets.xcassets */; };
		4357CA732BE7707F00BFC83B /* Preview Assets.xcassets in Resources */ = {isa = PBXBuildFile; fileRef = 4357CA722BE7707F00BFC83B /* Preview Assets.xcassets */; };
		4357CA7D2BE7AD6100BFC83B /* Shaders.metal in Sources */ = {isa = PBXBuildFile; fileRef = 4357CA7C2BE7AD6100BFC83B /* Shaders.metal */; };
		4357CA9A2BE89B6600BFC83B /* Space.swift in Sources */ = {isa = PBXBuildFile; fileRef = 4357CA992BE89B6600BFC83B /* Space.swift */; };
		435A87B02BE9D86B004CA985 /* Spiral.swift in Sources */ = {isa = PBXBuildFile; fileRef = 435A87AF2BE9D86B004CA985 /* Spiral.swift */; };
		437433F52BEB2D4D00E89C1C /* StarView.swift in Sources */ = {isa = PBXBuildFile; fileRef = 437433F42BEB2D4D00E89C1C /* StarView.swift */; };
/* End PBXBuildFile section */

/* Begin PBXFileReference section */
		4357CA682BE7707D00BFC83B /* Big Suck.app */ = {isa = PBXFileReference; explicitFileType = wrapper.application; includeInIndex = 0; path = "Big Suck.app"; sourceTree = BUILT_PRODUCTS_DIR; };
		4357CA6B2BE7707D00BFC83B /* Big_SuckApp.swift */ = {isa = PBXFileReference; lastKnownFileType = sourcecode.swift; path = Big_SuckApp.swift; sourceTree = "<group>"; };
		4357CA6D2BE7707D00BFC83B /* ContentView.swift */ = {isa = PBXFileReference; lastKnownFileType = sourcecode.swift; path = ContentView.swift; sourceTree = "<group>"; };
		4357CA6F2BE7707F00BFC83B /* Assets.xcassets */ = {isa = PBXFileReference; lastKnownFileType = folder.assetcatalog; path = Assets.xcassets; sourceTree = "<group>"; };
		4357CA722BE7707F00BFC83B /* Preview Assets.xcassets */ = {isa = PBXFileReference; lastKnownFileType = folder.assetcatalog; path = "Preview Assets.xcassets"; sourceTree = "<group>"; };
		4357CA742BE7707F00BFC83B /* Big_Suck.entitlements */ = {isa = PBXFileReference; lastKnownFileType = text.plist.entitlements; path = Big_Suck.entitlements; sourceTree = "<group>"; };
		4357CA7C2BE7AD6100BFC83B /* Shaders.metal */ = {isa = PBXFileReference; lastKnownFileType = sourcecode.metal; path = Shaders.metal; sourceTree = "<group>"; };
		4357CA992BE89B6600BFC83B /* Space.swift */ = {isa = PBXFileReference; lastKnownFileType = sourcecode.swift; path = Space.swift; sourceTree = "<group>"; };
		435A87AF2BE9D86B004CA985 /* Spiral.swift */ = {isa = PBXFileReference; lastKnownFileType = sourcecode.swift; path = Spiral.swift; sourceTree = "<group>"; };
		437433F42BEB2D4D00E89C1C /* StarView.swift */ = {isa = PBXFileReference; lastKnownFileType = sourcecode.swift; path = StarView.swift; sourceTree = "<group>"; };
		437433F62BEB608000E89C1C /* README.md */ = {isa = PBXFileReference; lastKnownFileType = net.daringfireball.markdown; path = README.md; sourceTree = "<group>"; };
/* End PBXFileReference section */

/* Begin PBXFrameworksBuildPhase section */
		4357CA652BE7707D00BFC83B /* Frameworks */ = {
			isa = PBXFrameworksBuildPhase;
			buildActionMask = 2147483647;
			files = (
			);
			runOnlyForDeploymentPostprocessing = 0;
		};
/* End PBXFrameworksBuildPhase section */

/* Begin PBXGroup section */
		4357CA5F2BE7707D00BFC83B = {
			isa = PBXGroup;
			children = (
				437433F62BEB608000E89C1C /* README.md */,
				4357CA6A2BE7707D00BFC83B /* Big Suck */,
				4357CA692BE7707D00BFC83B /* Products */,
			);
			sourceTree = "<group>";
		};
		4357CA692BE7707D00BFC83B /* Products */ = {
			isa = PBXGroup;
			children = (
				4357CA682BE7707D00BFC83B /* Big Suck.app */,
			);
			name = Products;
			sourceTree = "<group>";
		};
		4357CA6A2BE7707D00BFC83B /* Big Suck */ = {
			isa = PBXGroup;
			children = (
				4357CA6B2BE7707D00BFC83B /* Big_SuckApp.swift */,
				4357CA6D2BE7707D00BFC83B /* ContentView.swift */,
				437433F42BEB2D4D00E89C1C /* StarView.swift */,
				4357CA992BE89B6600BFC83B /* Space.swift */,
				435A87AF2BE9D86B004CA985 /* Spiral.swift */,
				4357CA7C2BE7AD6100BFC83B /* Shaders.metal */,
				4357CA6F2BE7707F00BFC83B /* Assets.xcassets */,
				4357CA742BE7707F00BFC83B /* Big_Suck.entitlements */,
				4357CA712BE7707F00BFC83B /* Preview Content */,
			);
			path = "Big Suck";
			sourceTree = "<group>";
		};
		4357CA712BE7707F00BFC83B /* Preview Content */ = {
			isa = PBXGroup;
			children = (
				4357CA722BE7707F00BFC83B /* Preview Assets.xcassets */,
			);
			path = "Preview Content";
			sourceTree = "<group>";
		};
/* End PBXGroup section */

/* Begin PBXNativeTarget section */
		4357CA672BE7707D00BFC83B /* Big Suck */ = {
			isa = PBXNativeTarget;
			buildConfigurationList = 4357CA772BE7707F00BFC83B /* Build configuration list for PBXNativeTarget "Big Suck" */;
			buildPhases = (
				4357CA642BE7707D00BFC83B /* Sources */,
				4357CA652BE7707D00BFC83B /* Frameworks */,
				4357CA662BE7707D00BFC83B /* Resources */,
			);
			buildRules = (
			);
			dependencies = (
			);
			name = "Big Suck";
			productName = "Big Suck";
			productReference = 4357CA682BE7707D00BFC83B /* Big Suck.app */;
			productType = "com.apple.product-type.application";
		};
/* End PBXNativeTarget section */

/* Begin PBXProject section */
		4357CA602BE7707D00BFC83B /* Project object */ = {
			isa = PBXProject;
			attributes = {
				BuildIndependentTargetsInParallel = 1;
				LastSwiftUpdateCheck = 1530;
				LastUpgradeCheck = 1530;
				TargetAttributes = {
					4357CA672BE7707D00BFC83B = {
						CreatedOnToolsVersion = 15.3;
					};
				};
			};
			buildConfigurationList = 4357CA632BE7707D00BFC83B /* Build configuration list for PBXProject "Big Suck" */;
			compatibilityVersion = "Xcode 14.0";
			developmentRegion = en;
			hasScannedForEncodings = 0;
			knownRegions = (
				en,
				Base,
			);
			mainGroup = 4357CA5F2BE7707D00BFC83B;
			productRefGroup = 4357CA692BE7707D00BFC83B /* Products */;
			projectDirPath = "";
			projectRoot = "";
			targets = (
				4357CA672BE7707D00BFC83B /* Big Suck */,
			);
		};
/* End PBXProject section */

/* Begin PBXResourcesBuildPhase section */
		4357CA662BE7707D00BFC83B /* Resources */ = {
			isa = PBXResourcesBuildPhase;
			buildActionMask = 2147483647;
			files = (
				4357CA732BE7707F00BFC83B /* Preview Assets.xcassets in Resources */,
				4357CA702BE7707F00BFC83B /* Assets.xcassets in Resources */,
			);
			runOnlyForDeploymentPostprocessing = 0;
		};
/* End PBXResourcesBuildPhase section */

/* Begin PBXSourcesBuildPhase section */
		4357CA642BE7707D00BFC83B /* Sources */ = {
			isa = PBXSourcesBuildPhase;
			buildActionMask = 2147483647;
			files = (
				437433F52BEB2D4D00E89C1C /* StarView.swift in Sources */,
				4357CA7D2BE7AD6100BFC83B /* Shaders.metal in Sources */,
				435A87B02BE9D86B004CA985 /* Spiral.swift in Sources */,
				4357CA6E2BE7707D00BFC83B /* ContentView.swift in Sources */,
				4357CA9A2BE89B6600BFC83B /* Space.swift in Sources */,
				4357CA6C2BE7707D00BFC83B /* Big_SuckApp.swift in Sources */,
			);
			runOnlyForDeploymentPostprocessing = 0;
		};
/* End PBXSourcesBuildPhase section */

/* Begin XCBuildConfiguration section */
		4357CA752BE7707F00BFC83B /* Debug */ = {
			isa = XCBuildConfiguration;
			buildSettings = {
				ALWAYS_SEARCH_USER_PATHS = NO;
				ASSETCATALOG_COMPILER_GENERATE_SWIFT_ASSET_SYMBOL_EXTENSIONS = YES;
				CLANG_ANALYZER_NONNULL = YES;
				CLANG_ANALYZER_NUMBER_OBJECT_CONVERSION = YES_AGGRESSIVE;
				CLANG_CXX_LANGUAGE_STANDARD = "gnu++20";
				CLANG_ENABLE_MODULES = YES;
				CLANG_ENABLE_OBJC_ARC = YES;
				CLANG_ENABLE_OBJC_WEAK = YES;
				CLANG_WARN_BLOCK_CAPTURE_AUTORELEASING = YES;
				CLANG_WARN_BOOL_CONVERSION = YES;
				CLANG_WARN_COMMA = YES;
				CLANG_WARN_CONSTANT_CONVERSION = YES;
				CLANG_WARN_DEPRECATED_OBJC_IMPLEMENTATIONS = YES;
				CLANG_WARN_DIRECT_OBJC_ISA_USAGE = YES_ERROR;
				CLANG_WARN_DOCUMENTATION_COMMENTS = YES;
				CLANG_WARN_EMPTY_BODY = YES;
				CLANG_WARN_ENUM_CONVERSION = YES;
				CLANG_WARN_INFINITE_RECURSION = YES;
				CLANG_WARN_INT_CONVERSION = YES;
				CLANG_WARN_NON_LITERAL_NULL_CONVERSION = YES;
				CLANG_WARN_OBJC_IMPLICIT_RETAIN_SELF = YES;
				CLANG_WARN_OBJC_LITERAL_CONVERSION = YES;
				CLANG_WARN_OBJC_ROOT_CLASS = YES_ERROR;
				CLANG_WARN_QUOTED_INCLUDE_IN_FRAMEWORK_HEADER = YES;
				CLANG_WARN_RANGE_LOOP_ANALYSIS = YES;
				CLANG_WARN_STRICT_PROTOTYPES = YES;
				CLANG_WARN_SUSPICIOUS_MOVE = YES;
				CLANG_WARN_UNGUARDED_AVAILABILITY = YES_AGGRESSIVE;
				CLANG_WARN_UNREACHABLE_CODE = YES;
				CLANG_WARN__DUPLICATE_METHOD_MATCH = YES;
				COPY_PHASE_STRIP = NO;
				DEBUG_INFORMATION_FORMAT = dwarf;
				ENABLE_STRICT_OBJC_MSGSEND = YES;
				ENABLE_TESTABILITY = YES;
				ENABLE_USER_SCRIPT_SANDBOXING = YES;
				GCC_C_LANGUAGE_STANDARD = gnu17;
				GCC_DYNAMIC_NO_PIC = NO;
				GCC_NO_COMMON_BLOCKS = YES;
				GCC_OPTIMIZATION_LEVEL = 0;
				GCC_PREPROCESSOR_DEFINITIONS = (
					"DEBUG=1",
					"$(inherited)",
				);
				GCC_WARN_64_TO_32_BIT_CONVERSION = YES;
				GCC_WARN_ABOUT_RETURN_TYPE = YES_ERROR;
				GCC_WARN_UNDECLARED_SELECTOR = YES;
				GCC_WARN_UNINITIALIZED_AUTOS = YES_AGGRESSIVE;
				GCC_WARN_UNUSED_FUNCTION = YES;
				GCC_WARN_UNUSED_VARIABLE = YES;
				LOCALIZATION_PREFERS_STRING_CATALOGS = YES;
				MACOSX_DEPLOYMENT_TARGET = 14.4;
				MTL_ENABLE_DEBUG_INFO = INCLUDE_SOURCE;
				MTL_FAST_MATH = YES;
				ONLY_ACTIVE_ARCH = YES;
				SDKROOT = macosx;
				SWIFT_ACTIVE_COMPILATION_CONDITIONS = "DEBUG $(inherited)";
				SWIFT_OPTIMIZATION_LEVEL = "-Onone";
			};
			name = Debug;
		};
		4357CA762BE7707F00BFC83B /* Release */ = {
			isa = XCBuildConfiguration;
			buildSettings = {
				ALWAYS_SEARCH_USER_PATHS = NO;
				ASSETCATALOG_COMPILER_GENERATE_SWIFT_ASSET_SYMBOL_EXTENSIONS = YES;
				CLANG_ANALYZER_NONNULL = YES;
				CLANG_ANALYZER_NUMBER_OBJECT_CONVERSION = YES_AGGRESSIVE;
				CLANG_CXX_LANGUAGE_STANDARD = "gnu++20";
				CLANG_ENABLE_MODULES = YES;
				CLANG_ENABLE_OBJC_ARC = YES;
				CLANG_ENABLE_OBJC_WEAK = YES;
				CLANG_WARN_BLOCK_CAPTURE_AUTORELEASING = YES;
				CLANG_WARN_BOOL_CONVERSION = YES;
				CLANG_WARN_COMMA = YES;
				CLANG_WARN_CONSTANT_CONVERSION = YES;
				CLANG_WARN_DEPRECATED_OBJC_IMPLEMENTATIONS = YES;
				CLANG_WARN_DIRECT_OBJC_ISA_USAGE = YES_ERROR;
				CLANG_WARN_DOCUMENTATION_COMMENTS = YES;
				CLANG_WARN_EMPTY_BODY = YES;
				CLANG_WARN_ENUM_CONVERSION = YES;
				CLANG_WARN_INFINITE_RECURSION = YES;
				CLANG_WARN_INT_CONVERSION = YES;
				CLANG_WARN_NON_LITERAL_NULL_CONVERSION = YES;
				CLANG_WARN_OBJC_IMPLICIT_RETAIN_SELF = YES;
				CLANG_WARN_OBJC_LITERAL_CONVERSION = YES;
				CLANG_WARN_OBJC_ROOT_CLASS = YES_ERROR;
				CLANG_WARN_QUOTED_INCLUDE_IN_FRAMEWORK_HEADER = YES;
				CLANG_WARN_RANGE_LOOP_ANALYSIS = YES;
				CLANG_WARN_STRICT_PROTOTYPES = YES;
				CLANG_WARN_SUSPICIOUS_MOVE = YES;
				CLANG_WARN_UNGUARDED_AVAILABILITY = YES_AGGRESSIVE;
				CLANG_WARN_UNREACHABLE_CODE = YES;
				CLANG_WARN__DUPLICATE_METHOD_MATCH = YES;
				COPY_PHASE_STRIP = NO;
				DEBUG_INFORMATION_FORMAT = "dwarf-with-dsym";
				ENABLE_NS_ASSERTIONS = NO;
				ENABLE_STRICT_OBJC_MSGSEND = YES;
				ENABLE_USER_SCRIPT_SANDBOXING = YES;
				GCC_C_LANGUAGE_STANDARD = gnu17;
				GCC_NO_COMMON_BLOCKS = YES;
				GCC_WARN_64_TO_32_BIT_CONVERSION = YES;
				GCC_WARN_ABOUT_RETURN_TYPE = YES_ERROR;
				GCC_WARN_UNDECLARED_SELECTOR = YES;
				GCC_WARN_UNINITIALIZED_AUTOS = YES_AGGRESSIVE;
				GCC_WARN_UNUSED_FUNCTION = YES;
				GCC_WARN_UNUSED_VARIABLE = YES;
				LOCALIZATION_PREFERS_STRING_CATALOGS = YES;
				MACOSX_DEPLOYMENT_TARGET = 14.4;
				MTL_ENABLE_DEBUG_INFO = NO;
				MTL_FAST_MATH = YES;
				SDKROOT = macosx;
				SWIFT_COMPILATION_MODE = wholemodule;
			};
			name = Release;
		};
		4357CA782BE7707F00BFC83B /* Debug */ = {
			isa = XCBuildConfiguration;
			buildSettings = {
				ASSETCATALOG_COMPILER_APPICON_NAME = AppIcon;
				ASSETCATALOG_COMPILER_GLOBAL_ACCENT_COLOR_NAME = AccentColor;
				CODE_SIGN_ENTITLEMENTS = "Big Suck/Big_Suck.entitlements";
				CODE_SIGN_STYLE = Automatic;
				COMBINE_HIDPI_IMAGES = YES;
				CURRENT_PROJECT_VERSION = 1;
				DEVELOPMENT_ASSET_PATHS = "\"Big Suck/Preview Content\"";
				DEVELOPMENT_TEAM = K7RK92ZPXN;
				ENABLE_HARDENED_RUNTIME = YES;
				ENABLE_PREVIEWS = YES;
				GENERATE_INFOPLIST_FILE = YES;
				INFOPLIST_KEY_NSHumanReadableCopyright = "";
				LD_RUNPATH_SEARCH_PATHS = (
					"$(inherited)",
					"@executable_path/../Frameworks",
				);
				MARKETING_VERSION = 1.0;
				PRODUCT_BUNDLE_IDENTIFIER = "computer.izzy.Big-Suck";
				PRODUCT_NAME = "$(TARGET_NAME)";
				SWIFT_EMIT_LOC_STRINGS = YES;
				SWIFT_VERSION = 5.0;
			};
			name = Debug;
		};
		4357CA792BE7707F00BFC83B /* Release */ = {
			isa = XCBuildConfiguration;
			buildSettings = {
				ASSETCATALOG_COMPILER_APPICON_NAME = AppIcon;
				ASSETCATALOG_COMPILER_GLOBAL_ACCENT_COLOR_NAME = AccentColor;
				CODE_SIGN_ENTITLEMENTS = "Big Suck/Big_Suck.entitlements";
				CODE_SIGN_STYLE = Automatic;
				COMBINE_HIDPI_IMAGES = YES;
				CURRENT_PROJECT_VERSION = 1;
				DEVELOPMENT_ASSET_PATHS = "\"Big Suck/Preview Content\"";
				DEVELOPMENT_TEAM = K7RK92ZPXN;
				ENABLE_HARDENED_RUNTIME = YES;
				ENABLE_PREVIEWS = YES;
				GENERATE_INFOPLIST_FILE = YES;
				INFOPLIST_KEY_NSHumanReadableCopyright = "";
				LD_RUNPATH_SEARCH_PATHS = (
					"$(inherited)",
					"@executable_path/../Frameworks",
				);
				MARKETING_VERSION = 1.0;
				PRODUCT_BUNDLE_IDENTIFIER = "computer.izzy.Big-Suck";
				PRODUCT_NAME = "$(TARGET_NAME)";
				SWIFT_EMIT_LOC_STRINGS = YES;
				SWIFT_VERSION = 5.0;
			};
			name = Release;
		};
/* End XCBuildConfiguration section */

/* Begin XCConfigurationList section */
		4357CA632BE7707D00BFC83B /* Build configuration list for PBXProject "Big Suck" */ = {
			isa = XCConfigurationList;
			buildConfigurations = (
				4357CA752BE7707F00BFC83B /* Debug */,
				4357CA762BE7707F00BFC83B /* Release */,
			);
			defaultConfigurationIsVisible = 0;
			defaultConfigurationName = Release;
		};
		4357CA772BE7707F00BFC83B /* Build configuration list for PBXNativeTarget "Big Suck" */ = {
			isa = XCConfigurationList;
			buildConfigurations = (
				4357CA782BE7707F00BFC83B /* Debug */,
				4357CA792BE7707F00BFC83B /* Release */,
			);
			defaultConfigurationIsVisible = 0;
			defaultConfigurationName = Release;
		};
/* End XCConfigurationList section */
	};
	rootObject = 4357CA602BE7707D00BFC83B /* Project object */;
}
